<?xml version="1.0" encoding="utf-8"?>
<Project ToolsVersion="4.0" xmlns="http://schemas.microsoft.com/developer/msbuild/2003">
  <ItemGroup>
    <Filter Include="Source Files">
      <UniqueIdentifier>{4FC737F1-C7A5-4376-A066-2A32D752A2FF}</UniqueIdentifier>
      <Extensions>cpp;c;cc;cxx;c++;cppm;ixx;def;odl;idl;hpj;bat;asm;asmx</Extensions>
    </Filter>
    <Filter Include="Resource Files">
      <UniqueIdentifier>{67DA6AB6-F800-4c08-8B7A-83BB121AAD01}</UniqueIdentifier>
      <Extensions>rc;ico;cur;bmp;dlg;rc2;rct;bin;rgs;gif;jpg;jpeg;jpe;resx;tiff;tif;png;wav;mfcribbon-ms</Extensions>
    </Filter>
    <Filter Include="Source Files\imgui">
      <UniqueIdentifier>{faaf17bd-2b0f-45f2-9c7d-a5fca6ecbf35}</UniqueIdentifier>
    </Filter>
    <Filter Include="Components">
      <UniqueIdentifier>{549d6fec-4503-49e2-b595-bee6d0a0eefb}</UniqueIdentifier>
    </Filter>
    <Filter Include="Source Files\Pose Detection">
      <UniqueIdentifier>{f8397d31-a5a9-46d9-a05f-3616f3fc990c}</UniqueIdentifier>
    </Filter>
  </ItemGroup>
  <ItemGroup>
    <ClCompile Include="tigl.cpp">
      <Filter>Source Files</Filter>
    </ClCompile>
    <ClCompile Include="Main.cpp">
      <Filter>Source Files</Filter>
    </ClCompile>
    <ClCompile Include="easylogging++.cpp">
      <Filter>Source Files</Filter>
    </ClCompile>
    <ClCompile Include="log.cpp">
      <Filter>Source Files</Filter>
    </ClCompile>
    <ClCompile Include="Scene.cpp">
      <Filter>Source Files</Filter>
    </ClCompile>
    <ClCompile Include="Simulation.cpp">
      <Filter>Source Files</Filter>
    </ClCompile>
    <ClCompile Include="ModelComponent.cpp">
      <Filter>Source Files</Filter>
    </ClCompile>
    <ClCompile Include="Texture.cpp">
      <Filter>Source Files</Filter>
    </ClCompile>
    <ClCompile Include="WorldComponent.cpp">
      <Filter>Source Files</Filter>
    </ClCompile>
    <ClCompile Include="GameObject.cpp">
      <Filter>Source Files</Filter>
    </ClCompile>
    <ClCompile Include="Texture.cpp">
      <Filter>Source Files</Filter>
    </ClCompile>
    <ClCompile Include="DetectionMain.cpp">
      <Filter>Source Files</Filter>
    </ClCompile>
    <ClCompile Include="lib\imgui-docking\imgui.cpp">
      <Filter>Source Files\imgui</Filter>
    </ClCompile>
    <ClCompile Include="lib\imgui-docking\imgui_demo.cpp">
      <Filter>Source Files\imgui</Filter>
    </ClCompile>
    <ClCompile Include="lib\imgui-docking\imgui_draw.cpp">
      <Filter>Source Files\imgui</Filter>
    </ClCompile>
    <ClCompile Include="lib\imgui-docking\imgui_tables.cpp">
      <Filter>Source Files\imgui</Filter>
    </ClCompile>
    <ClCompile Include="lib\imgui-docking\imgui_widgets.cpp">
      <Filter>Source Files\imgui</Filter>
    </ClCompile>
    <ClCompile Include="lib\imgui-docking\backends\imgui_impl_glfw.cpp">
      <Filter>Source Files\imgui</Filter>
    </ClCompile>
    <ClCompile Include="lib\imgui-docking\backends\imgui_impl_opengl3.cpp">
      <Filter>Source Files\imgui</Filter>
    </ClCompile>
    <ClCompile Include="pose\PoseChecker.cpp">
      <Filter>Source Files\Pose Detection</Filter>
    </ClCompile>
    <ClCompile Include="pose\PoseEstimation.cpp">
      <Filter>Source Files\Pose Detection</Filter>
    </ClCompile>
    <ClCompile Include="pose\PoseRetriever.cpp">
      <Filter>Source Files\Pose Detection</Filter>
    </ClCompile>
    <ClCompile Include="pose\PoseUnitTests.cpp">
      <Filter>Source Files\Pose Detection</Filter>
    </ClCompile>
    <ClCompile Include="components\BoundingBoxComponent.cpp">
      <Filter>Components</Filter>
    </ClCompile>
    <ClCompile Include="components\CarComponent.cpp">
      <Filter>Components</Filter>
    </ClCompile>
    <ClCompile Include="components\WorldComponent.cpp">
      <Filter>Components</Filter>
    </ClCompile>
    <ClCompile Include="components\RouteComponent.cpp">
      <Filter>Components</Filter>
    </ClCompile>
    <ClCompile Include="components\PlayerComponent.cpp">
      <Filter>Components</Filter>
    </ClCompile>
    <ClCompile Include="components\MoveComponent.cpp">
      <Filter>Components</Filter>
    </ClCompile>
    <ClCompile Include="components\ModelComponent.cpp">
      <Filter>Components</Filter>
    </ClCompile>
    <ClCompile Include="components\DrawComponent.cpp">
      <Filter>Components</Filter>
    </ClCompile>
    <ClCompile Include="components\CubeComponent.cpp">
      <Filter>Components</Filter>
    </ClCompile>
    <ClCompile Include="components\Component.cpp">
      <Filter>Components</Filter>
    </ClCompile>
    <ClCompile Include="components\SpinComponent.cpp">
      <Filter>Components</Filter>
    </ClCompile>
  </ItemGroup>
  <ItemGroup>
    <ClInclude Include="components\BoundingBoxComponent.h">
      <Filter>Components</Filter>
    </ClInclude>
    <ClInclude Include="components\CarComponent.h">
      <Filter>Components</Filter>
    </ClInclude>
    <ClInclude Include="components\Component.h">
      <Filter>Components</Filter>
    </ClInclude>
    <ClInclude Include="components\CubeComponent.h">
      <Filter>Components</Filter>
    </ClInclude>
    <ClInclude Include="components\DrawComponent.h">
      <Filter>Components</Filter>
    </ClInclude>
    <ClInclude Include="components\ModelComponent.h">
      <Filter>Components</Filter>
    </ClInclude>
    <ClInclude Include="components\MoveComponent.h">
      <Filter>Components</Filter>
    </ClInclude>
    <ClInclude Include="components\PlayerComponent.h">
      <Filter>Components</Filter>
    </ClInclude>
    <ClInclude Include="components\RouteComponent.h">
      <Filter>Components</Filter>
    </ClInclude>
    <ClInclude Include="components\SpinComponent.h">
      <Filter>Components</Filter>
    </ClInclude>
    <ClInclude Include="components\WorldComponent.h">
      <Filter>Components</Filter>
    </ClInclude>
    <ClInclude Include="utest.h">
      <Filter>Source Files</Filter>
    </ClInclude>
    <ClInclude Include="Scene.h">
      <Filter>Source Files</Filter>
    </ClInclude>
    <ClInclude Include="Simulation.h">
      <Filter>Source Files</Filter>
    </ClInclude>
    <ClInclude Include="Texture.h">
      <Filter>Source Files</Filter>
    </ClInclude>
    <ClInclude Include="tigl.h">
      <Filter>Source Files</Filter>
    </ClInclude>
    <ClInclude Include="log.h">
      <Filter>Source Files</Filter>
    </ClInclude>
    <ClInclude Include="KeypointLocationStrings.h">
      <Filter>Source Files</Filter>
    </ClInclude>
    <ClInclude Include="json.h">
      <Filter>Source Files</Filter>
    </ClInclude>
    <ClInclude Include="GameObject.h">
      <Filter>Source Files</Filter>
    </ClInclude>
    <ClInclude Include="easylogging++.h">
      <Filter>Source Files</Filter>
    </ClInclude>
    <ClInclude Include="lib\imgui-docking\imstb_truetype.h">
      <Filter>Source Files\imgui</Filter>
    </ClInclude>
    <ClInclude Include="lib\imgui-docking\imconfig.h">
      <Filter>Source Files\imgui</Filter>
    </ClInclude>
    <ClInclude Include="lib\imgui-docking\imgui.h">
      <Filter>Source Files\imgui</Filter>
    </ClInclude>
    <ClInclude Include="lib\imgui-docking\backends\imgui_impl_opengl3.h">
      <Filter>Source Files\imgui</Filter>
    </ClInclude>
    <ClInclude Include="lib\imgui-docking\imgui_internal.h">
      <Filter>Source Files\imgui</Filter>
    </ClInclude>
    <ClInclude Include="lib\imgui-docking\imstb_rectpack.h">
      <Filter>Source Files\imgui</Filter>
    </ClInclude>
    <ClInclude Include="lib\imgui-docking\imstb_textedit.h">
      <Filter>Source Files\imgui</Filter>
    </ClInclude>
    <ClInclude Include="stb_image.h">
      <Filter>Source Files</Filter>
    </ClInclude>
    <ClInclude Include="KeyPoint.h">
      <Filter>Source Files</Filter>
    </ClInclude>
    <ClInclude Include="settingsFromJson.h">
      <Filter>Source Files</Filter>
    </ClInclude>
    <ClInclude Include="pose\PoseRetriever.h">
      <Filter>Source Files\Pose Detection</Filter>
    </ClInclude>
    <ClInclude Include="pose\PoseChecker.h">
      <Filter>Source Files\Pose Detection</Filter>
    </ClInclude>
    <ClInclude Include="pose\PoseEstimation.h">
      <Filter>Source Files\Pose Detection</Filter>
    </ClInclude>
  </ItemGroup>
</Project>